{
  "requires": true,
  "lockfileVersion": 1,
  "dependencies": {
    "q": {
      "version": "1.5.1",
      "resolved": "https://registry.npmjs.org/q/-/q-1.5.1.tgz",
      "integrity": "sha1-fjL3W0E4EpHQRhHxvxQQmsAGUdc="
    },
    "react-native-pinch": {
      "version": "0.1.0",
      "resolved": "https://registry.npmjs.org/react-native-pinch/-/react-native-pinch-0.1.0.tgz",
      "integrity": "sha512-loBLOwR4XRmnScssmNNuGDuG/CwTi4Fp+2z5OazQhcQHc8fsRde78m1jjyALlV4IrZisjID+Y339Ln9iOQusxg==",
      "requires": {
        "q": "1.5.1"
      }
    }
  }
}
